{
  "name": "test-project",
  "version": "1.0.0",
  "lockfileVersion": 2,
  "requires": true,
  "packages": {
    "": {
      "name": "test-project",
      "version": "1.0.0",
      "dependencies": {
        "rollup-plugin-summary": "file:../dist"
      }
    },
    "../dist": {
      "name": "rollup-plugin-summary",
      "version": "0.0.0-semantically-released",
      "license": "MIT",
      "dependencies": {
        "brotli-size": "^4.0.0",
        "cli-table3": "^0.6.3",
        "filesize": "^10.0.5",
        "gzip-size": "^7.0.0",
        "terser": "^5.15.1"
      },
      "engines": {
        "node": ">=14.0.0"
      },
      "peerDependencies": {
        "rollup": "^2.68.0||^3.0.0"
      }
    },
    "node_modules/rollup-plugin-summary": {
      "resolved": "../dist",
      "link": true
    }
  },
  "dependencies": {
    "rollup-plugin-summary": {
      "version": "file:../dist",
      "requires": {
        "brotli-size": "^4.0.0",
        "cli-table3": "^0.6.3",
        "filesize": "^10.0.5",
        "gzip-size": "^7.0.0",
        "terser": "^5.15.1"
      }
    }
  }
}
